
Microsoft Visual Studio Solution File, Format Version 12.00
# Visual Studio Version 16
VisualStudioVersion = 16.0.30406.217
MinimumVisualStudioVersion = 10.0.40219.1
Project("{FAE04EC0-301F-11D3-BF4B-00C04F79EFBC}") = "SaleProject", "SaleProject\SaleProject.csproj", "{B59253C2-91A6-4365-B328-7C9678EC3DB3}"
EndProject
Project("{FAE04EC0-301F-11D3-BF4B-00C04F79EFBC}") = "DataObjectAccess", "DataObjectAccess\DataObjectAccess.csproj", "{C081B88D-9742-4229-A7CC-307C364EC259}"
EndProject
Project("{FAE04EC0-301F-11D3-BF4B-00C04F79EFBC}") = "Controller", "Controller\Controller.csproj", "{5C9C3391-B767-431C-914D-09DDCD454C28}"
EndProject
Project("{54435603-DBB4-11D2-8724-00A0C9A8B90C}") = "Setup1", "Setup1\Setup1.vdproj", "{155154FD-CF84-481A-AD83-43D05684BE18}"
EndProject
Global
	GlobalSection(SolutionConfigurationPlatforms) = preSolution
		Debug|Any CPU = Debug|Any CPU
		Release|Any CPU = Release|Any CPU
	EndGlobalSection
	GlobalSection(ProjectConfigurationPlatforms) = postSolution
		{B59253C2-91A6-4365-B328-7C9678EC3DB3}.Debug|Any CPU.ActiveCfg = Debug|Any CPU
		{B59253C2-91A6-4365-B328-7C9678EC3DB3}.Debug|Any CPU.Build.0 = Debug|Any CPU
		{B59253C2-91A6-4365-B328-7C9678EC3DB3}.Release|Any CPU.ActiveCfg = Release|Any CPU
		{B59253C2-91A6-4365-B328-7C9678EC3DB3}.Release|Any CPU.Build.0 = Release|Any CPU
		{C081B88D-9742-4229-A7CC-307C364EC259}.Debug|Any CPU.ActiveCfg = Debug|Any CPU
		{C081B88D-9742-4229-A7CC-307C364EC259}.Debug|Any CPU.Build.0 = Debug|Any CPU
		{C081B88D-9742-4229-A7CC-307C364EC259}.Release|Any CPU.ActiveCfg = Release|Any CPU
		{C081B88D-9742-4229-A7CC-307C364EC259}.Release|Any CPU.Build.0 = Release|Any CPU
		{5C9C3391-B767-431C-914D-09DDCD454C28}.Debug|Any CPU.ActiveCfg = Debug|Any CPU
		{5C9C3391-B767-431C-914D-09DDCD454C28}.Debug|Any CPU.Build.0 = Debug|Any CPU
		{5C9C3391-B767-431C-914D-09DDCD454C28}.Release|Any CPU.ActiveCfg = Release|Any CPU
		{5C9C3391-B767-431C-914D-09DDCD454C28}.Release|Any CPU.Build.0 = Release|Any CPU
		{155154FD-CF84-481A-AD83-43D05684BE18}.Debug|Any CPU.ActiveCfg = Debug
		{155154FD-CF84-481A-AD83-43D05684BE18}.Release|Any CPU.ActiveCfg = Release
	EndGlobalSection
	GlobalSection(SolutionProperties) = preSolution
		HideSolutionNode = FALSE
	EndGlobalSection
	GlobalSection(ExtensibilityGlobals) = postSolution
		SolutionGuid = {6C021644-E8B5-490D-8713-FBE3B5DA48D3}
	EndGlobalSection
EndGlobal
